
Microsoft Visual Studio Solution File, Format Version 12.00
# Visual Studio Version 17
VisualStudioVersion = 17.7.34024.191
MinimumVisualStudioVersion = 10.0.40219.1
Project("{FAE04EC0-301F-11D3-BF4B-00C04F79EFBC}") = "FAT", "FAT.csproj", "{3C23C9DC-8DDF-4C6B-87D1-F0DA63AD873E}"
EndProject
Global
	GlobalSection(SolutionConfigurationPlatforms) = preSolution
		Debug|Any CPU = Debug|Any CPU
		Release|Any CPU = Release|Any CPU
	EndGlobalSection
	GlobalSection(ProjectConfigurationPlatforms) = postSolution
		{3C23C9DC-8DDF-4C6B-87D1-F0DA63AD873E}.Debug|Any CPU.ActiveCfg = Debug|Any CPU
		{3C23C9DC-8DDF-4C6B-87D1-F0DA63AD873E}.Debug|Any CPU.Build.0 = Debug|Any CPU
		{3C23C9DC-8DDF-4C6B-87D1-F0DA63AD873E}.Release|Any CPU.ActiveCfg = Release|Any CPU
		{3C23C9DC-8DDF-4C6B-87D1-F0DA63AD873E}.Release|Any CPU.Build.0 = Release|Any CPU
	EndGlobalSection
	GlobalSection(SolutionProperties) = preSolution
		HideSolutionNode = FALSE
	EndGlobalSection
	GlobalSection(ExtensibilityGlobals) = postSolution
		SolutionGuid = {D7EACCDE-F764-4760-82DF-6C2D56777F23}
	EndGlobalSection
EndGlobal
